
Microsoft Visual Studio Solution File, Format Version 12.00
# Visual Studio Version 16
VisualStudioVersion = 16.0.31424.327
MinimumVisualStudioVersion = 10.0.40219.1
Project("{FAE04EC0-301F-11D3-BF4B-00C04F79EFBC}") = "IRFGyak07", "IRFGyak07\IRFGyak07.csproj", "{FFD9672A-B91B-412E-9DD2-B09947720C1D}"
EndProject
Global
	GlobalSection(SolutionConfigurationPlatforms) = preSolution
		Debug|Any CPU = Debug|Any CPU
		Release|Any CPU = Release|Any CPU
	EndGlobalSection
	GlobalSection(ProjectConfigurationPlatforms) = postSolution
		{FFD9672A-B91B-412E-9DD2-B09947720C1D}.Debug|Any CPU.ActiveCfg = Debug|Any CPU
		{FFD9672A-B91B-412E-9DD2-B09947720C1D}.Debug|Any CPU.Build.0 = Debug|Any CPU
		{FFD9672A-B91B-412E-9DD2-B09947720C1D}.Release|Any CPU.ActiveCfg = Release|Any CPU
		{FFD9672A-B91B-412E-9DD2-B09947720C1D}.Release|Any CPU.Build.0 = Release|Any CPU
	EndGlobalSection
	GlobalSection(SolutionProperties) = preSolution
		HideSolutionNode = FALSE
	EndGlobalSection
	GlobalSection(ExtensibilityGlobals) = postSolution
		SolutionGuid = {9D4197AD-4BD7-4740-84D8-1B6591689F3C}
	EndGlobalSection
EndGlobal
