
Microsoft Visual Studio Solution File, Format Version 12.00
# Visual Studio Version 16
VisualStudioVersion = 16.0.31424.327
MinimumVisualStudioVersion = 10.0.40219.1
Project("{FAE04EC0-301F-11D3-BF4B-00C04F79EFBC}") = "IRFGyak10", "IRFGyak10\IRFGyak10.csproj", "{B0E53525-96A1-4A7D-ACD7-8A1B1427B3A9}"
EndProject
Global
	GlobalSection(SolutionConfigurationPlatforms) = preSolution
		Debug|Any CPU = Debug|Any CPU
		Release|Any CPU = Release|Any CPU
	EndGlobalSection
	GlobalSection(ProjectConfigurationPlatforms) = postSolution
		{B0E53525-96A1-4A7D-ACD7-8A1B1427B3A9}.Debug|Any CPU.ActiveCfg = Debug|Any CPU
		{B0E53525-96A1-4A7D-ACD7-8A1B1427B3A9}.Debug|Any CPU.Build.0 = Debug|Any CPU
		{B0E53525-96A1-4A7D-ACD7-8A1B1427B3A9}.Release|Any CPU.ActiveCfg = Release|Any CPU
		{B0E53525-96A1-4A7D-ACD7-8A1B1427B3A9}.Release|Any CPU.Build.0 = Release|Any CPU
	EndGlobalSection
	GlobalSection(SolutionProperties) = preSolution
		HideSolutionNode = FALSE
	EndGlobalSection
	GlobalSection(ExtensibilityGlobals) = postSolution
		SolutionGuid = {09D1E956-5354-4504-BBA7-45E74DA40E09}
	EndGlobalSection
EndGlobal
